lockfileVersion: '9.0'

settings:
  autoInstallPeers: true
  excludeLinksFromLockfile: false

importers:

  .:
    dependencies:
      '@esm2cjs/execa':
        specifier: ^6.1.1-cjs.1
        version: 6.1.1-cjs.1
      '@types/fs-extra':
        specifier: ^11.0.1
        version: 11.0.4
      commander:
        specifier: ^10.0.0
        version: 10.0.1
      execa:
        specifier: ^7.1.1
        version: 7.2.0
      fs-extra:
        specifier: ^11.1.1
        version: 11.3.0
      zod:
        specifier: ^3.21.4
        version: 3.25.7

packages:

  '@esm2cjs/execa@6.1.1-cjs.1':
    resolution: {integrity: sha512-FHxfnmuDIjY1VS/BLzDkL8EkbcFvi8s6x1nYQ1Nyu0An0n88EJcGhDBcRWLFwt3C3nT7xwI+MwHRH1TZcAFW2w==}
    engines: {node: ^12.20.0 || ^14.13.1 || >=16.0.0}

  '@esm2cjs/human-signals@3.0.1':
    resolution: {integrity: sha512-QZme4eF/PwTpeSbMB4AaWGQ4VSygzE30jI+Oas1NPTtZQAgcHwWVDOQpIW8FUmtzn5Q+2cS7AjnTzbtqtc5P6g==}
    engines: {node: '>=12.20.0'}

  '@esm2cjs/is-stream@3.0.0':
    resolution: {integrity: sha512-qcBscHlJpZFOD5nnmMHkzOrq2xyvsp9fbVreQLS8x2LOs8N3CrNi3fqvFY0GVJR+YSOHscwhG9T5t4Ck7R7QGw==}
    engines: {node: ^12.20.0 || ^14.13.1 || >=16.0.0}

  '@esm2cjs/mimic-fn@4.0.0':
    resolution: {integrity: sha512-LIIAjcpjLr4rcbYmRQ+eRu55Upy/MMB78seIlwqbnyiA+cTa1/pxWnJ1NHJQrw6tx2wMQmlYoJj+wf16NjWH6Q==}
    engines: {node: '>=12'}

  '@esm2cjs/npm-run-path@5.1.1-cjs.0':
    resolution: {integrity: sha512-CWeAIyE8iNSCgP2ItPE8iPgS+lACqgH+MuFRaWOIl2T7hnHqPFfhAJJ/LcLJJ/RMIxNMeenjFMwc91HW7NWr1A==}
    engines: {node: ^12.20.0 || ^14.13.1 || >=16.0.0}

  '@esm2cjs/onetime@6.0.1-cjs.0':
    resolution: {integrity: sha512-MkZMZSxrSC/6yUuAw6Azc56XOgwHQQIsNDlO/zgFmOcycJBhRwRuc/gdYUUOFNZIh7y+f0JSIxkNdJPFvJ5W0w==}
    engines: {node: '>=12'}

  '@esm2cjs/path-key@4.0.0':
    resolution: {integrity: sha512-fKzZ3uIIP4j+7WfyG0MEkomGHL0hUXWCx1kY2Zct3GTdl4pyY+3k5lCUxjgdDa2Ld1BCjMNorXnRHiBP6jW6CQ==}
    engines: {node: '>=12'}

  '@esm2cjs/strip-final-newline@3.0.1-cjs.0':
    resolution: {integrity: sha512-o41riCGPiOEStayoikBCAqwa6igbv9L9rP+k5UCfQ24EJD/wGrdDs/KTNwkHG5JzDK3T60D5dMkWkLKEPy8gjA==}
    engines: {node: '>=12'}

  '@types/fs-extra@11.0.4':
    resolution: {integrity: sha512-yTbItCNreRooED33qjunPthRcSjERP1r4MqCZc7wv0u2sUkzTFp45tgUfS5+r7FrZPdmCCNflLhVSP/o+SemsQ==}

  '@types/jsonfile@6.1.4':
    resolution: {integrity: sha512-D5qGUYwjvnNNextdU59/+fI+spnwtTFmyQP0h+PfIOSkNfpU6AOICUOkm4i0OnSk+NyjdPJrxCDro0sJsWlRpQ==}

  '@types/node@22.15.20':
    resolution: {integrity: sha512-A6BohGFRGHAscJsTslDCA9JG7qSJr/DWUvrvY8yi9IgnGtMxCyat7vvQ//MFa0DnLsyuS3wYTpLdw4Hf+Q5JXw==}

  commander@10.0.1:
    resolution: {integrity: sha512-y4Mg2tXshplEbSGzx7amzPwKKOCGuoSRP/CjEdwwk0FOGlUbq6lKuoyDZTNZkmxHdJtp54hdfY/JUrdL7Xfdug==}
    engines: {node: '>=14'}

  cross-spawn@7.0.6:
    resolution: {integrity: sha512-uV2QOWP2nWzsy2aMp8aRibhi9dlzF5Hgh5SHaB9OiTGEyDTiJJyx0uy51QXdyWbtAHNua4XJzUKca3OzKUd3vA==}
    engines: {node: '>= 8'}

  execa@7.2.0:
    resolution: {integrity: sha512-UduyVP7TLB5IcAQl+OzLyLcS/l32W/GLg+AhHJ+ow40FOk2U3SAllPwR44v4vmdFwIWqpdwxxpQbF1n5ta9seA==}
    engines: {node: ^14.18.0 || ^16.14.0 || >=18.0.0}

  fs-extra@11.3.0:
    resolution: {integrity: sha512-Z4XaCL6dUDHfP/jT25jJKMmtxvuwbkrD1vNSMFlo9lNLY2c5FHYSQgHPRZUjAB26TpDEoW9HCOgplrdbaPV/ew==}
    engines: {node: '>=14.14'}

  get-stream@6.0.1:
    resolution: {integrity: sha512-ts6Wi+2j3jQjqi70w5AlN8DFnkSwC+MqmxEzdEALB2qXZYV3X/b1CTfgPLGJNMeAWxdPfU8FO1ms3NUfaHCPYg==}
    engines: {node: '>=10'}

  graceful-fs@4.2.11:
    resolution: {integrity: sha512-RbJ5/jmFcNNCcDV5o9eTnBLJ/HszWV0P73bc+Ff4nS/rJj+YaS6IGyiOL0VoBYX+l1Wrl3k63h/KrH+nhJ0XvQ==}

  human-signals@4.3.1:
    resolution: {integrity: sha512-nZXjEF2nbo7lIw3mgYjItAfgQXog3OjJogSbKa2CQIIvSGWcKgeJnQlNXip6NglNzYH45nSRiEVimMvYL8DDqQ==}
    engines: {node: '>=14.18.0'}

  is-stream@3.0.0:
    resolution: {integrity: sha512-LnQR4bZ9IADDRSkvpqMGvt/tEJWclzklNgSw48V5EAaAeDd6qGvN8ei6k5p0tvxSR171VmGyHuTiAOfxAbr8kA==}
    engines: {node: ^12.20.0 || ^14.13.1 || >=16.0.0}

  isexe@2.0.0:
    resolution: {integrity: sha512-RHxMLp9lnKHGHRng9QFhRCMbYAcVpn69smSGcq3f36xjgVVWThj4qqLbTLlq7Ssj8B+fIQ1EuCEGI2lKsyQeIw==}

  jsonfile@6.1.0:
    resolution: {integrity: sha512-5dgndWOriYSm5cnYaJNhalLNDKOqFwyDB/rr1E9ZsGciGvKPs8R2xYGCacuf3z6K1YKDz182fd+fY3cn3pMqXQ==}

  merge-stream@2.0.0:
    resolution: {integrity: sha512-abv/qOcuPfk3URPfDzmZU1LKmuw8kT+0nIHvKrKgFrwifol/doWcdA4ZqsWQ8ENrFKkd67Mfpo/LovbIUsbt3w==}

  mimic-fn@4.0.0:
    resolution: {integrity: sha512-vqiC06CuhBTUdZH+RYl8sFrL096vA45Ok5ISO6sE/Mr1jRbGH4Csnhi8f3wKVl7x8mO4Au7Ir9D3Oyv1VYMFJw==}
    engines: {node: '>=12'}

  npm-run-path@5.3.0:
    resolution: {integrity: sha512-ppwTtiJZq0O/ai0z7yfudtBpWIoxM8yE6nHi1X47eFR2EWORqfbu6CnPlNsjeN683eT0qG6H/Pyf9fCcvjnnnQ==}
    engines: {node: ^12.20.0 || ^14.13.1 || >=16.0.0}

  onetime@6.0.0:
    resolution: {integrity: sha512-1FlR+gjXK7X+AsAHso35MnyN5KqGwJRi/31ft6x0M194ht7S+rWAvd7PHss9xSKMzE0asv1pyIHaJYq+BbacAQ==}
    engines: {node: '>=12'}

  path-key@3.1.1:
    resolution: {integrity: sha512-ojmeN0qd+y0jszEtoY48r0Peq5dwMEkIlCOu6Q5f41lfkswXuKtYrhgoTpLnyIcHm24Uhqx+5Tqm2InSwLhE6Q==}
    engines: {node: '>=8'}

  path-key@4.0.0:
    resolution: {integrity: sha512-haREypq7xkM7ErfgIyA0z+Bj4AGKlMSdlQE2jvJo6huWD1EdkKYV+G/T4nq0YEF2vgTT8kqMFKo1uHn950r4SQ==}
    engines: {node: '>=12'}

  shebang-command@2.0.0:
    resolution: {integrity: sha512-kHxr2zZpYtdmrN1qDjrrX/Z1rR1kG8Dx+gkpK1G4eXmvXswmcE1hTWBWYUzlraYw1/yZp6YuDY77YtvbN0dmDA==}
    engines: {node: '>=8'}

  shebang-regex@3.0.0:
    resolution: {integrity: sha512-7++dFhtcx3353uBaq8DDR4NuxBetBzC7ZQOhmTQInHEd6bSrXdiEyzCvG07Z44UYdLShWUyXt5M/yhz8ekcb1A==}
    engines: {node: '>=8'}

  signal-exit@3.0.7:
    resolution: {integrity: sha512-wnD2ZE+l+SPC/uoS0vXeE9L1+0wuaMqKlfz9AMUo38JsyLSBWSFcHR1Rri62LZc12vLr1gb3jl7iwQhgwpAbGQ==}

  strip-final-newline@3.0.0:
    resolution: {integrity: sha512-dOESqjYr96iWYylGObzd39EuNTa5VJxyvVAEm5Jnh7KGo75V43Hk1odPQkNDyXNmUR6k+gEiDVXnjB8HJ3crXw==}
    engines: {node: '>=12'}

  undici-types@6.21.0:
    resolution: {integrity: sha512-iwDZqg0QAGrg9Rav5H4n0M64c3mkR59cJ6wQp+7C4nI0gsmExaedaYLNO44eT4AtBBwjbTiGPMlt2Md0T9H9JQ==}

  universalify@2.0.1:
    resolution: {integrity: sha512-gptHNQghINnc/vTGIk0SOFGFNXw7JVrlRUtConJRlvaw6DuX0wO5Jeko9sWrMBhh+PsYAZ7oXAiOnf/UKogyiw==}
    engines: {node: '>= 10.0.0'}

  which@2.0.2:
    resolution: {integrity: sha512-BLI3Tl1TW3Pvl70l3yq3Y64i+awpwXqsGBYWkkqMtnbXgrMD+yj7rhW0kuEDxzJaYXGjEW5ogapKNMEKNMjibA==}
    engines: {node: '>= 8'}
    hasBin: true

  zod@3.25.7:
    resolution: {integrity: sha512-YGdT1cVRmKkOg6Sq7vY7IkxdphySKnXhaUmFI4r4FcuFVNgpCb9tZfNwXbT6BPjD5oz0nubFsoo9pIqKrDcCvg==}

snapshots:

  '@esm2cjs/execa@6.1.1-cjs.1':
    dependencies:
      '@esm2cjs/human-signals': 3.0.1
      '@esm2cjs/is-stream': 3.0.0
      '@esm2cjs/npm-run-path': 5.1.1-cjs.0
      '@esm2cjs/onetime': 6.0.1-cjs.0
      '@esm2cjs/strip-final-newline': 3.0.1-cjs.0
      cross-spawn: 7.0.6
      get-stream: 6.0.1
      merge-stream: 2.0.0
      signal-exit: 3.0.7

  '@esm2cjs/human-signals@3.0.1': {}

  '@esm2cjs/is-stream@3.0.0': {}

  '@esm2cjs/mimic-fn@4.0.0': {}

  '@esm2cjs/npm-run-path@5.1.1-cjs.0':
    dependencies:
      '@esm2cjs/path-key': 4.0.0

  '@esm2cjs/onetime@6.0.1-cjs.0':
    dependencies:
      '@esm2cjs/mimic-fn': 4.0.0

  '@esm2cjs/path-key@4.0.0': {}

  '@esm2cjs/strip-final-newline@3.0.1-cjs.0': {}

  '@types/fs-extra@11.0.4':
    dependencies:
      '@types/jsonfile': 6.1.4
      '@types/node': 22.15.20

  '@types/jsonfile@6.1.4':
    dependencies:
      '@types/node': 22.15.20

  '@types/node@22.15.20':
    dependencies:
      undici-types: 6.21.0

  commander@10.0.1: {}

  cross-spawn@7.0.6:
    dependencies:
      path-key: 3.1.1
      shebang-command: 2.0.0
      which: 2.0.2

  execa@7.2.0:
    dependencies:
      cross-spawn: 7.0.6
      get-stream: 6.0.1
      human-signals: 4.3.1
      is-stream: 3.0.0
      merge-stream: 2.0.0
      npm-run-path: 5.3.0
      onetime: 6.0.0
      signal-exit: 3.0.7
      strip-final-newline: 3.0.0

  fs-extra@11.3.0:
    dependencies:
      graceful-fs: 4.2.11
      jsonfile: 6.1.0
      universalify: 2.0.1

  get-stream@6.0.1: {}

  graceful-fs@4.2.11: {}

  human-signals@4.3.1: {}

  is-stream@3.0.0: {}

  isexe@2.0.0: {}

  jsonfile@6.1.0:
    dependencies:
      universalify: 2.0.1
    optionalDependencies:
      graceful-fs: 4.2.11

  merge-stream@2.0.0: {}

  mimic-fn@4.0.0: {}

  npm-run-path@5.3.0:
    dependencies:
      path-key: 4.0.0

  onetime@6.0.0:
    dependencies:
      mimic-fn: 4.0.0

  path-key@3.1.1: {}

  path-key@4.0.0: {}

  shebang-command@2.0.0:
    dependencies:
      shebang-regex: 3.0.0

  shebang-regex@3.0.0: {}

  signal-exit@3.0.7: {}

  strip-final-newline@3.0.0: {}

  undici-types@6.21.0: {}

  universalify@2.0.1: {}

  which@2.0.2:
    dependencies:
      isexe: 2.0.0

  zod@3.25.7: {}
